
Microsoft Visual Studio Solution File, Format Version 12.00
# Visual Studio Version 17
VisualStudioVersion = 17.12.35506.116
MinimumVisualStudioVersion = 10.0.40219.1
Project("{FAE04EC0-301F-11D3-BF4B-00C04F79EFBC}") = "TlsClient.Core", "src\TlsClient.Core\TlsClient.Core.csproj", "{076F3A17-9860-466D-8F6E-42C60FB40868}"
EndProject
Project("{2150E333-8FDC-42A3-9474-1A3956D46DE8}") = "src", "src", "{4D0DFB67-95DB-4327-85D7-553D002EE28A}"
EndProject
Project("{2150E333-8FDC-42A3-9474-1A3956D46DE8}") = "examples", "examples", "{4AE04384-B80E-4D12-99EF-E759FF8D862C}"
EndProject
Project("{FAE04EC0-301F-11D3-BF4B-00C04F79EFBC}") = "TlsClient.Examples.Console", "examples\TlsClient.Examples.Console\TlsClient.Examples.Console.csproj", "{EEF1967F-3CB1-4582-A51E-19F3FB3CE082}"
EndProject
Project("{2150E333-8FDC-42A3-9474-1A3956D46DE8}") = "tests", "tests", "{F245E407-5E9D-427E-98C8-D79116882421}"
EndProject
Project("{FAE04EC0-301F-11D3-BF4B-00C04F79EFBC}") = "TlsClient.Core.Tests", "tests\TlsClient.Core.Tests\TlsClient.Core.Tests.csproj", "{8F62A4F6-12A9-474A-8FCC-7406914D61F4}"
EndProject
Project("{FAE04EC0-301F-11D3-BF4B-00C04F79EFBC}") = "TlsClient.HttpClient", "src\TlsClient.HttpClient\TlsClient.HttpClient.csproj", "{9AD2B9E9-6673-429B-9529-DE1DC3C908DD}"
EndProject
Project("{FAE04EC0-301F-11D3-BF4B-00C04F79EFBC}") = "TlsClient.RestSharp", "src\TlsClient.RestSharp\TlsClient.RestSharp.csproj", "{83545248-93D3-46F0-84E2-29CE0EFE5392}"
EndProject
Project("{FAE04EC0-301F-11D3-BF4B-00C04F79EFBC}") = "TlsClient.RestSharp.Tests", "tests\TlsClient.RestSharp.Tests\TlsClient.RestSharp.Tests.csproj", "{F80138C1-13C4-4AA6-8A87-D3B4D8C19E5C}"
EndProject
Project("{2150E333-8FDC-42A3-9474-1A3956D46DE8}") = "native", "native", "{B5B1A5B5-8E6B-4D41-829E-D03869B3E5B3}"
EndProject
Global
	GlobalSection(SolutionConfigurationPlatforms) = preSolution
		Debug|Any CPU = Debug|Any CPU
		Debug|x64 = Debug|x64
		Release|Any CPU = Release|Any CPU
		Release|x64 = Release|x64
	EndGlobalSection
	GlobalSection(ProjectConfigurationPlatforms) = postSolution
		{076F3A17-9860-466D-8F6E-42C60FB40868}.Debug|Any CPU.ActiveCfg = Debug|Any CPU
		{076F3A17-9860-466D-8F6E-42C60FB40868}.Debug|Any CPU.Build.0 = Debug|Any CPU
		{076F3A17-9860-466D-8F6E-42C60FB40868}.Debug|x64.ActiveCfg = Debug|Any CPU
		{076F3A17-9860-466D-8F6E-42C60FB40868}.Debug|x64.Build.0 = Debug|Any CPU
		{076F3A17-9860-466D-8F6E-42C60FB40868}.Release|Any CPU.ActiveCfg = Release|Any CPU
		{076F3A17-9860-466D-8F6E-42C60FB40868}.Release|Any CPU.Build.0 = Release|Any CPU
		{076F3A17-9860-466D-8F6E-42C60FB40868}.Release|x64.ActiveCfg = Release|Any CPU
		{076F3A17-9860-466D-8F6E-42C60FB40868}.Release|x64.Build.0 = Release|Any CPU
		{EEF1967F-3CB1-4582-A51E-19F3FB3CE082}.Debug|Any CPU.ActiveCfg = Debug|Any CPU
		{EEF1967F-3CB1-4582-A51E-19F3FB3CE082}.Debug|Any CPU.Build.0 = Debug|Any CPU
		{EEF1967F-3CB1-4582-A51E-19F3FB3CE082}.Debug|x64.ActiveCfg = Debug|x64
		{EEF1967F-3CB1-4582-A51E-19F3FB3CE082}.Debug|x64.Build.0 = Debug|x64
		{EEF1967F-3CB1-4582-A51E-19F3FB3CE082}.Release|Any CPU.ActiveCfg = Release|Any CPU
		{EEF1967F-3CB1-4582-A51E-19F3FB3CE082}.Release|Any CPU.Build.0 = Release|Any CPU
		{EEF1967F-3CB1-4582-A51E-19F3FB3CE082}.Release|x64.ActiveCfg = Release|x64
		{EEF1967F-3CB1-4582-A51E-19F3FB3CE082}.Release|x64.Build.0 = Release|x64
		{8F62A4F6-12A9-474A-8FCC-7406914D61F4}.Debug|Any CPU.ActiveCfg = Debug|Any CPU
		{8F62A4F6-12A9-474A-8FCC-7406914D61F4}.Debug|Any CPU.Build.0 = Debug|Any CPU
		{8F62A4F6-12A9-474A-8FCC-7406914D61F4}.Debug|x64.ActiveCfg = Debug|Any CPU
		{8F62A4F6-12A9-474A-8FCC-7406914D61F4}.Debug|x64.Build.0 = Debug|Any CPU
		{8F62A4F6-12A9-474A-8FCC-7406914D61F4}.Release|Any CPU.ActiveCfg = Release|Any CPU
		{8F62A4F6-12A9-474A-8FCC-7406914D61F4}.Release|Any CPU.Build.0 = Release|Any CPU
		{8F62A4F6-12A9-474A-8FCC-7406914D61F4}.Release|x64.ActiveCfg = Release|Any CPU
		{8F62A4F6-12A9-474A-8FCC-7406914D61F4}.Release|x64.Build.0 = Release|Any CPU
		{9AD2B9E9-6673-429B-9529-DE1DC3C908DD}.Debug|Any CPU.ActiveCfg = Debug|Any CPU
		{9AD2B9E9-6673-429B-9529-DE1DC3C908DD}.Debug|Any CPU.Build.0 = Debug|Any CPU
		{9AD2B9E9-6673-429B-9529-DE1DC3C908DD}.Debug|x64.ActiveCfg = Debug|Any CPU
		{9AD2B9E9-6673-429B-9529-DE1DC3C908DD}.Debug|x64.Build.0 = Debug|Any CPU
		{9AD2B9E9-6673-429B-9529-DE1DC3C908DD}.Release|Any CPU.ActiveCfg = Release|Any CPU
		{9AD2B9E9-6673-429B-9529-DE1DC3C908DD}.Release|Any CPU.Build.0 = Release|Any CPU
		{9AD2B9E9-6673-429B-9529-DE1DC3C908DD}.Release|x64.ActiveCfg = Release|Any CPU
		{9AD2B9E9-6673-429B-9529-DE1DC3C908DD}.Release|x64.Build.0 = Release|Any CPU
		{83545248-93D3-46F0-84E2-29CE0EFE5392}.Debug|Any CPU.ActiveCfg = Debug|Any CPU
		{83545248-93D3-46F0-84E2-29CE0EFE5392}.Debug|Any CPU.Build.0 = Debug|Any CPU
		{83545248-93D3-46F0-84E2-29CE0EFE5392}.Debug|x64.ActiveCfg = Debug|Any CPU
		{83545248-93D3-46F0-84E2-29CE0EFE5392}.Debug|x64.Build.0 = Debug|Any CPU
		{83545248-93D3-46F0-84E2-29CE0EFE5392}.Release|Any CPU.ActiveCfg = Release|Any CPU
		{83545248-93D3-46F0-84E2-29CE0EFE5392}.Release|Any CPU.Build.0 = Release|Any CPU
		{83545248-93D3-46F0-84E2-29CE0EFE5392}.Release|x64.ActiveCfg = Release|Any CPU
		{83545248-93D3-46F0-84E2-29CE0EFE5392}.Release|x64.Build.0 = Release|Any CPU
		{F80138C1-13C4-4AA6-8A87-D3B4D8C19E5C}.Debug|Any CPU.ActiveCfg = Debug|Any CPU
		{F80138C1-13C4-4AA6-8A87-D3B4D8C19E5C}.Debug|Any CPU.Build.0 = Debug|Any CPU
		{F80138C1-13C4-4AA6-8A87-D3B4D8C19E5C}.Debug|x64.ActiveCfg = Debug|Any CPU
		{F80138C1-13C4-4AA6-8A87-D3B4D8C19E5C}.Debug|x64.Build.0 = Debug|Any CPU
		{F80138C1-13C4-4AA6-8A87-D3B4D8C19E5C}.Release|Any CPU.ActiveCfg = Release|Any CPU
		{F80138C1-13C4-4AA6-8A87-D3B4D8C19E5C}.Release|Any CPU.Build.0 = Release|Any CPU
		{F80138C1-13C4-4AA6-8A87-D3B4D8C19E5C}.Release|x64.ActiveCfg = Release|Any CPU
		{F80138C1-13C4-4AA6-8A87-D3B4D8C19E5C}.Release|x64.Build.0 = Release|Any CPU
	EndGlobalSection
	GlobalSection(SolutionProperties) = preSolution
		HideSolutionNode = FALSE
	EndGlobalSection
	GlobalSection(NestedProjects) = preSolution
		{076F3A17-9860-466D-8F6E-42C60FB40868} = {4D0DFB67-95DB-4327-85D7-553D002EE28A}
		{EEF1967F-3CB1-4582-A51E-19F3FB3CE082} = {4AE04384-B80E-4D12-99EF-E759FF8D862C}
		{8F62A4F6-12A9-474A-8FCC-7406914D61F4} = {F245E407-5E9D-427E-98C8-D79116882421}
		{9AD2B9E9-6673-429B-9529-DE1DC3C908DD} = {4D0DFB67-95DB-4327-85D7-553D002EE28A}
		{83545248-93D3-46F0-84E2-29CE0EFE5392} = {4D0DFB67-95DB-4327-85D7-553D002EE28A}
		{F80138C1-13C4-4AA6-8A87-D3B4D8C19E5C} = {F245E407-5E9D-427E-98C8-D79116882421}
		{B5B1A5B5-8E6B-4D41-829E-D03869B3E5B3} = {4D0DFB67-95DB-4327-85D7-553D002EE28A}
	EndGlobalSection
EndGlobal
